{
  "lockfile_version": "1",
  "packages": {
    "bash": {
      "resolved": "github:NixOS/nixpkgs/f8573b9c935cfaa162dd62cc9e75ae2db86f85df?narHash=sha256-hpXH0z3K9xv0fHaje136KY872VT2T5uwxtezlAskQgY%3D#bash",
      "source": "nixpkg"
    },
    "binutils": {
      "resolved": "github:NixOS/nixpkgs/f8573b9c935cfaa162dd62cc9e75ae2db86f85df?narHash=sha256-hpXH0z3K9xv0fHaje136KY872VT2T5uwxtezlAskQgY%3D#binutils",
      "source": "nixpkg"
    },
    "dosfstools": {
      "resolved": "github:NixOS/nixpkgs/f8573b9c935cfaa162dd62cc9e75ae2db86f85df?narHash=sha256-hpXH0z3K9xv0fHaje136KY872VT2T5uwxtezlAskQgY%3D#dosfstools",
      "source": "nixpkg"
    },
    "gcc": {
      "resolved": "github:NixOS/nixpkgs/f8573b9c935cfaa162dd62cc9e75ae2db86f85df?narHash=sha256-hpXH0z3K9xv0fHaje136KY872VT2T5uwxtezlAskQgY%3D#gcc",
      "source": "nixpkg"
    },
    "gdb": {
      "resolved": "github:NixOS/nixpkgs/f8573b9c935cfaa162dd62cc9e75ae2db86f85df?narHash=sha256-hpXH0z3K9xv0fHaje136KY872VT2T5uwxtezlAskQgY%3D#gdb",
      "source": "nixpkg"
    },
    "github:NixOS/nixpkgs/nixpkgs-unstable": {
      "last_modified": "2026-03-16T02:27:38Z",
      "resolved": "github:NixOS/nixpkgs/f8573b9c935cfaa162dd62cc9e75ae2db86f85df?lastModified=1773628058&narHash=sha256-hpXH0z3K9xv0fHaje136KY872VT2T5uwxtezlAskQgY%3D"
    },
    "gnumake": {
      "resolved": "github:NixOS/nixpkgs/f8573b9c935cfaa162dd62cc9e75ae2db86f85df?narHash=sha256-hpXH0z3K9xv0fHaje136KY872VT2T5uwxtezlAskQgY%3D#gnumake",
      "source": "nixpkg"
    },
    "grub2": {
      "resolved": "github:NixOS/nixpkgs/f8573b9c935cfaa162dd62cc9e75ae2db86f85df?narHash=sha256-hpXH0z3K9xv0fHaje136KY872VT2T5uwxtezlAskQgY%3D#grub2",
      "source": "nixpkg"
    },
    "iputils": {
      "resolved": "github:NixOS/nixpkgs/f8573b9c935cfaa162dd62cc9e75ae2db86f85df?narHash=sha256-hpXH0z3K9xv0fHaje136KY872VT2T5uwxtezlAskQgY%3D#iputils",
      "source": "nixpkg"
    },
    "mtools": {
      "resolved": "github:NixOS/nixpkgs/f8573b9c935cfaa162dd62cc9e75ae2db86f85df?narHash=sha256-hpXH0z3K9xv0fHaje136KY872VT2T5uwxtezlAskQgY%3D#mtools",
      "source": "nixpkg"
    },
    "nasm": {
      "resolved": "github:NixOS/nixpkgs/f8573b9c935cfaa162dd62cc9e75ae2db86f85df?narHash=sha256-hpXH0z3K9xv0fHaje136KY872VT2T5uwxtezlAskQgY%3D#nasm",
      "source": "nixpkg"
    },
    "qemu": {
      "resolved": "github:NixOS/nixpkgs/f8573b9c935cfaa162dd62cc9e75ae2db86f85df?narHash=sha256-hpXH0z3K9xv0fHaje136KY872VT2T5uwxtezlAskQgY%3D#qemu",
      "source": "nixpkg"
    },
    "tcpdump": {
      "resolved": "github:NixOS/nixpkgs/f8573b9c935cfaa162dd62cc9e75ae2db86f85df?narHash=sha256-hpXH0z3K9xv0fHaje136KY872VT2T5uwxtezlAskQgY%3D#tcpdump",
      "source": "nixpkg"
    },
    "xorriso": {
      "resolved": "github:NixOS/nixpkgs/f8573b9c935cfaa162dd62cc9e75ae2db86f85df?narHash=sha256-hpXH0z3K9xv0fHaje136KY872VT2T5uwxtezlAskQgY%3D#xorriso",
      "source": "nixpkg"
    }
  }
}
